// !$*UTF8*$!
{
	archiveVersion = 1;
	classes = {
	};
	objectVersion = 56;
	objects = {

/* Begin PBXBuildFile section */
		CE6C66452B58DAF900C70F3A /* AppDelegate.swift in Sources */ = {isa = PBXBuildFile; fileRef = CE6C66442B58DAF900C70F3A /* AppDelegate.swift */; };
		CE6C66472B58DAF900C70F3A /* SceneDelegate.swift in Sources */ = {isa = PBXBuildFile; fileRef = CE6C66462B58DAF900C70F3A /* SceneDelegate.swift */; };
		CE6C664C2B58DAF900C70F3A /* Main.storyboard in Resources */ = {isa = PBXBuildFile; fileRef = CE6C664A2B58DAF900C70F3A /* Main.storyboard */; };
		CE6C664E2B58DB0100C70F3A /* Assets.xcassets in Resources */ = {isa = PBXBuildFile; fileRef = CE6C664D2B58DB0100C70F3A /* Assets.xcassets */; };
		CE6C66512B58DB0100C70F3A /* LaunchScreen.storyboard in Resources */ = {isa = PBXBuildFile; fileRef = CE6C664F2B58DB0100C70F3A /* LaunchScreen.storyboard */; };
		CE6C665E2B58DCD700C70F3A /* TaskList.swift in Sources */ = {isa = PBXBuildFile; fileRef = CE6C665D2B58DCD700C70F3A /* TaskList.swift */; };
		CE6C66622B58DDBF00C70F3A /* TaskListViewController.swift in Sources */ = {isa = PBXBuildFile; fileRef = CE6C66612B58DDBF00C70F3A /* TaskListViewController.swift */; };
		CE6C66642B58DDF800C70F3A /* TasksViewController.swift in Sources */ = {isa = PBXBuildFile; fileRef = CE6C66632B58DDF800C70F3A /* TasksViewController.swift */; };
		CE6C66662B58DE4500C70F3A /* AlertController.swift in Sources */ = {isa = PBXBuildFile; fileRef = CE6C66652B58DE4500C70F3A /* AlertController.swift */; };
		CE6C66682B58DE9C00C70F3A /* DataManager.swift in Sources */ = {isa = PBXBuildFile; fileRef = CE6C66672B58DE9C00C70F3A /* DataManager.swift */; };
		CE6C666A2B58DEB300C70F3A /* StorageManager.swift in Sources */ = {isa = PBXBuildFile; fileRef = CE6C66692B58DEB300C70F3A /* StorageManager.swift */; };
		CE6C666D2B58E07500C70F3A /* Realm in Frameworks */ = {isa = PBXBuildFile; productRef = CE6C666C2B58E07500C70F3A /* Realm */; };
		CE6C666F2B58E07500C70F3A /* RealmSwift in Frameworks */ = {isa = PBXBuildFile; productRef = CE6C666E2B58E07500C70F3A /* RealmSwift */; };
		CE6C66712B5BFEFE00C70F3A /* Extension + UITableViewCell.swift in Sources */ = {isa = PBXBuildFile; fileRef = CE6C66702B5BFEFD00C70F3A /* Extension + UITableViewCell.swift */; };
/* End PBXBuildFile section */

/* Begin PBXFileReference section */
		CE6C66412B58DAF900C70F3A /* RealmTasklistApp.app */ = {isa = PBXFileReference; explicitFileType = wrapper.application; includeInIndex = 0; path = RealmTasklistApp.app; sourceTree = BUILT_PRODUCTS_DIR; };
		CE6C66442B58DAF900C70F3A /* AppDelegate.swift */ = {isa = PBXFileReference; lastKnownFileType = sourcecode.swift; path = AppDelegate.swift; sourceTree = "<group>"; };
		CE6C66462B58DAF900C70F3A /* SceneDelegate.swift */ = {isa = PBXFileReference; lastKnownFileType = sourcecode.swift; path = SceneDelegate.swift; sourceTree = "<group>"; };
		CE6C664B2B58DAF900C70F3A /* Base */ = {isa = PBXFileReference; lastKnownFileType = file.storyboard; name = Base; path = Base.lproj/Main.storyboard; sourceTree = "<group>"; };
		CE6C664D2B58DB0100C70F3A /* Assets.xcassets */ = {isa = PBXFileReference; lastKnownFileType = folder.assetcatalog; path = Assets.xcassets; sourceTree = "<group>"; };
		CE6C66502B58DB0100C70F3A /* Base */ = {isa = PBXFileReference; lastKnownFileType = file.storyboard; name = Base; path = Base.lproj/LaunchScreen.storyboard; sourceTree = "<group>"; };
		CE6C66522B58DB0100C70F3A /* Info.plist */ = {isa = PBXFileReference; lastKnownFileType = text.plist.xml; name = Info.plist; path = RealmTasklistApp/Info.plist; sourceTree = SOURCE_ROOT; };
		CE6C665D2B58DCD700C70F3A /* TaskList.swift */ = {isa = PBXFileReference; lastKnownFileType = sourcecode.swift; path = TaskList.swift; sourceTree = "<group>"; };
		CE6C66612B58DDBF00C70F3A /* TaskListViewController.swift */ = {isa = PBXFileReference; lastKnownFileType = sourcecode.swift; path = TaskListViewController.swift; sourceTree = "<group>"; };
		CE6C66632B58DDF800C70F3A /* TasksViewController.swift */ = {isa = PBXFileReference; lastKnownFileType = sourcecode.swift; path = TasksViewController.swift; sourceTree = "<group>"; };
		CE6C66652B58DE4500C70F3A /* AlertController.swift */ = {isa = PBXFileReference; lastKnownFileType = sourcecode.swift; path = AlertController.swift; sourceTree = "<group>"; };
		CE6C66672B58DE9C00C70F3A /* DataManager.swift */ = {isa = PBXFileReference; lastKnownFileType = sourcecode.swift; path = DataManager.swift; sourceTree = "<group>"; };
		CE6C66692B58DEB300C70F3A /* StorageManager.swift */ = {isa = PBXFileReference; lastKnownFileType = sourcecode.swift; path = StorageManager.swift; sourceTree = "<group>"; };
		CE6C66702B5BFEFD00C70F3A /* Extension + UITableViewCell.swift */ = {isa = PBXFileReference; lastKnownFileType = sourcecode.swift; path = "Extension + UITableViewCell.swift"; sourceTree = "<group>"; };
/* End PBXFileReference section */

/* Begin PBXFrameworksBuildPhase section */
		CE6C663E2B58DAF900C70F3A /* Frameworks */ = {
			isa = PBXFrameworksBuildPhase;
			buildActionMask = 2147483647;
			files = (
				CE6C666F2B58E07500C70F3A /* RealmSwift in Frameworks */,
				CE6C666D2B58E07500C70F3A /* Realm in Frameworks */,
			);
			runOnlyForDeploymentPostprocessing = 0;
		};
/* End PBXFrameworksBuildPhase section */

/* Begin PBXGroup section */
		CE6C66382B58DAF900C70F3A = {
			isa = PBXGroup;
			children = (
				CE6C66432B58DAF900C70F3A /* RealmTasklistApp */,
				CE6C66422B58DAF900C70F3A /* Products */,
			);
			sourceTree = "<group>";
		};
		CE6C66422B58DAF900C70F3A /* Products */ = {
			isa = PBXGroup;
			children = (
				CE6C66412B58DAF900C70F3A /* RealmTasklistApp.app */,
			);
			name = Products;
			sourceTree = "<group>";
		};
		CE6C66432B58DAF900C70F3A /* RealmTasklistApp */ = {
			isa = PBXGroup;
			children = (
				CE6C66592B58DC4500C70F3A /* ViewControllers */,
				CE6C66732B5C090300C70F3A /* Extensions */,
				CE6C66722B5C08F700C70F3A /* Factories */,
				CE6C665F2B58DCDD00C70F3A /* Models */,
				CE6C66602B58DD3E00C70F3A /* Services */,
				CE6C665A2B58DC5B00C70F3A /* Storyboards */,
				CE6C665B2B58DC6A00C70F3A /* App */,
				CE6C665C2B58DC7700C70F3A /* Resources */,
			);
			path = RealmTasklistApp;
			sourceTree = "<group>";
		};
		CE6C66592B58DC4500C70F3A /* ViewControllers */ = {
			isa = PBXGroup;
			children = (
				CE6C66612B58DDBF00C70F3A /* TaskListViewController.swift */,
				CE6C66632B58DDF800C70F3A /* TasksViewController.swift */,
			);
			name = ViewControllers;
			sourceTree = "<group>";
		};
		CE6C665A2B58DC5B00C70F3A /* Storyboards */ = {
			isa = PBXGroup;
			children = (
				CE6C664F2B58DB0100C70F3A /* LaunchScreen.storyboard */,
				CE6C664A2B58DAF900C70F3A /* Main.storyboard */,
			);
			name = Storyboards;
			sourceTree = "<group>";
		};
		CE6C665B2B58DC6A00C70F3A /* App */ = {
			isa = PBXGroup;
			children = (
				CE6C66462B58DAF900C70F3A /* SceneDelegate.swift */,
				CE6C66442B58DAF900C70F3A /* AppDelegate.swift */,
				CE6C66522B58DB0100C70F3A /* Info.plist */,
			);
			name = App;
			sourceTree = "<group>";
		};
		CE6C665C2B58DC7700C70F3A /* Resources */ = {
			isa = PBXGroup;
			children = (
				CE6C664D2B58DB0100C70F3A /* Assets.xcassets */,
			);
			name = Resources;
			sourceTree = "<group>";
		};
		CE6C665F2B58DCDD00C70F3A /* Models */ = {
			isa = PBXGroup;
			children = (
				CE6C665D2B58DCD700C70F3A /* TaskList.swift */,
			);
			name = Models;
			sourceTree = "<group>";
		};
		CE6C66602B58DD3E00C70F3A /* Services */ = {
			isa = PBXGroup;
			children = (
				CE6C66672B58DE9C00C70F3A /* DataManager.swift */,
				CE6C66692B58DEB300C70F3A /* StorageManager.swift */,
			);
			name = Services;
			sourceTree = "<group>";
		};
		CE6C66722B5C08F700C70F3A /* Factories */ = {
			isa = PBXGroup;
			children = (
				CE6C66652B58DE4500C70F3A /* AlertController.swift */,
			);
			name = Factories;
			sourceTree = "<group>";
		};
		CE6C66732B5C090300C70F3A /* Extensions */ = {
			isa = PBXGroup;
			children = (
				CE6C66702B5BFEFD00C70F3A /* Extension + UITableViewCell.swift */,
			);
			name = Extensions;
			sourceTree = "<group>";
		};
/* End PBXGroup section */

/* Begin PBXNativeTarget section */
		CE6C66402B58DAF900C70F3A /* RealmTasklistApp */ = {
			isa = PBXNativeTarget;
			buildConfigurationList = CE6C66552B58DB0100C70F3A /* Build configuration list for PBXNativeTarget "RealmTasklistApp" */;
			buildPhases = (
				CE6C663D2B58DAF900C70F3A /* Sources */,
				CE6C663E2B58DAF900C70F3A /* Frameworks */,
				CE6C663F2B58DAF900C70F3A /* Resources */,
			);
			buildRules = (
			);
			dependencies = (
			);
			name = RealmTasklistApp;
			packageProductDependencies = (
				CE6C666C2B58E07500C70F3A /* Realm */,
				CE6C666E2B58E07500C70F3A /* RealmSwift */,
			);
			productName = RealmTasklistApp;
			productReference = CE6C66412B58DAF900C70F3A /* RealmTasklistApp.app */;
			productType = "com.apple.product-type.application";
		};
/* End PBXNativeTarget section */

/* Begin PBXProject section */
		CE6C66392B58DAF900C70F3A /* Project object */ = {
			isa = PBXProject;
			attributes = {
				BuildIndependentTargetsInParallel = 1;
				LastSwiftUpdateCheck = 1410;
				LastUpgradeCheck = 1410;
				TargetAttributes = {
					CE6C66402B58DAF900C70F3A = {
						CreatedOnToolsVersion = 14.1;
					};
				};
			};
			buildConfigurationList = CE6C663C2B58DAF900C70F3A /* Build configuration list for PBXProject "RealmTasklistApp" */;
			compatibilityVersion = "Xcode 14.0";
			developmentRegion = en;
			hasScannedForEncodings = 0;
			knownRegions = (
				en,
				Base,
			);
			mainGroup = CE6C66382B58DAF900C70F3A;
			packageReferences = (
				CE6C666B2B58E07500C70F3A /* XCRemoteSwiftPackageReference "realm-swift" */,
			);
			productRefGroup = CE6C66422B58DAF900C70F3A /* Products */;
			projectDirPath = "";
			projectRoot = "";
			targets = (
				CE6C66402B58DAF900C70F3A /* RealmTasklistApp */,
			);
		};
/* End PBXProject section */

/* Begin PBXResourcesBuildPhase section */
		CE6C663F2B58DAF900C70F3A /* Resources */ = {
			isa = PBXResourcesBuildPhase;
			buildActionMask = 2147483647;
			files = (
				CE6C66512B58DB0100C70F3A /* LaunchScreen.storyboard in Resources */,
				CE6C664E2B58DB0100C70F3A /* Assets.xcassets in Resources */,
				CE6C664C2B58DAF900C70F3A /* Main.storyboard in Resources */,
			);
			runOnlyForDeploymentPostprocessing = 0;
		};
/* End PBXResourcesBuildPhase section */

/* Begin PBXSourcesBuildPhase section */
		CE6C663D2B58DAF900C70F3A /* Sources */ = {
			isa = PBXSourcesBuildPhase;
			buildActionMask = 2147483647;
			files = (
				CE6C665E2B58DCD700C70F3A /* TaskList.swift in Sources */,
				CE6C66622B58DDBF00C70F3A /* TaskListViewController.swift in Sources */,
				CE6C66642B58DDF800C70F3A /* TasksViewController.swift in Sources */,
				CE6C66682B58DE9C00C70F3A /* DataManager.swift in Sources */,
				CE6C66452B58DAF900C70F3A /* AppDelegate.swift in Sources */,
				CE6C66662B58DE4500C70F3A /* AlertController.swift in Sources */,
				CE6C66712B5BFEFE00C70F3A /* Extension + UITableViewCell.swift in Sources */,
				CE6C66472B58DAF900C70F3A /* SceneDelegate.swift in Sources */,
				CE6C666A2B58DEB300C70F3A /* StorageManager.swift in Sources */,
			);
			runOnlyForDeploymentPostprocessing = 0;
		};
/* End PBXSourcesBuildPhase section */

/* Begin PBXVariantGroup section */
		CE6C664A2B58DAF900C70F3A /* Main.storyboard */ = {
			isa = PBXVariantGroup;
			children = (
				CE6C664B2B58DAF900C70F3A /* Base */,
			);
			name = Main.storyboard;
			sourceTree = "<group>";
		};
		CE6C664F2B58DB0100C70F3A /* LaunchScreen.storyboard */ = {
			isa = PBXVariantGroup;
			children = (
				CE6C66502B58DB0100C70F3A /* Base */,
			);
			name = LaunchScreen.storyboard;
			sourceTree = "<group>";
		};
/* End PBXVariantGroup section */

/* Begin XCBuildConfiguration section */
		CE6C66532B58DB0100C70F3A /* Debug */ = {
			isa = XCBuildConfiguration;
			buildSettings = {
				ALWAYS_SEARCH_USER_PATHS = NO;
				CLANG_ANALYZER_NONNULL = YES;
				CLANG_ANALYZER_NUMBER_OBJECT_CONVERSION = YES_AGGRESSIVE;
				CLANG_CXX_LANGUAGE_STANDARD = "gnu++20";
				CLANG_ENABLE_MODULES = YES;
				CLANG_ENABLE_OBJC_ARC = YES;
				CLANG_ENABLE_OBJC_WEAK = YES;
				CLANG_WARN_BLOCK_CAPTURE_AUTORELEASING = YES;
				CLANG_WARN_BOOL_CONVERSION = YES;
				CLANG_WARN_COMMA = YES;
				CLANG_WARN_CONSTANT_CONVERSION = YES;
				CLANG_WARN_DEPRECATED_OBJC_IMPLEMENTATIONS = YES;
				CLANG_WARN_DIRECT_OBJC_ISA_USAGE = YES_ERROR;
				CLANG_WARN_DOCUMENTATION_COMMENTS = YES;
				CLANG_WARN_EMPTY_BODY = YES;
				CLANG_WARN_ENUM_CONVERSION = YES;
				CLANG_WARN_INFINITE_RECURSION = YES;
				CLANG_WARN_INT_CONVERSION = YES;
				CLANG_WARN_NON_LITERAL_NULL_CONVERSION = YES;
				CLANG_WARN_OBJC_IMPLICIT_RETAIN_SELF = YES;
				CLANG_WARN_OBJC_LITERAL_CONVERSION = YES;
				CLANG_WARN_OBJC_ROOT_CLASS = YES_ERROR;
				CLANG_WARN_QUOTED_INCLUDE_IN_FRAMEWORK_HEADER = YES;
				CLANG_WARN_RANGE_LOOP_ANALYSIS = YES;
				CLANG_WARN_STRICT_PROTOTYPES = YES;
				CLANG_WARN_SUSPICIOUS_MOVE = YES;
				CLANG_WARN_UNGUARDED_AVAILABILITY = YES_AGGRESSIVE;
				CLANG_WARN_UNREACHABLE_CODE = YES;
				CLANG_WARN__DUPLICATE_METHOD_MATCH = YES;
				COPY_PHASE_STRIP = NO;
				DEBUG_INFORMATION_FORMAT = dwarf;
				ENABLE_STRICT_OBJC_MSGSEND = YES;
				ENABLE_TESTABILITY = YES;
				GCC_C_LANGUAGE_STANDARD = gnu11;
				GCC_DYNAMIC_NO_PIC = NO;
				GCC_NO_COMMON_BLOCKS = YES;
				GCC_OPTIMIZATION_LEVEL = 0;
				GCC_PREPROCESSOR_DEFINITIONS = (
					"DEBUG=1",
					"$(inherited)",
				);
				GCC_WARN_64_TO_32_BIT_CONVERSION = YES;
				GCC_WARN_ABOUT_RETURN_TYPE = YES_ERROR;
				GCC_WARN_UNDECLARED_SELECTOR = YES;
				GCC_WARN_UNINITIALIZED_AUTOS = YES_AGGRESSIVE;
				GCC_WARN_UNUSED_FUNCTION = YES;
				GCC_WARN_UNUSED_VARIABLE = YES;
				IPHONEOS_DEPLOYMENT_TARGET = 16.1;
				MTL_ENABLE_DEBUG_INFO = INCLUDE_SOURCE;
				MTL_FAST_MATH = YES;
				ONLY_ACTIVE_ARCH = YES;
				SDKROOT = iphoneos;
				SWIFT_ACTIVE_COMPILATION_CONDITIONS = DEBUG;
				SWIFT_OPTIMIZATION_LEVEL = "-Onone";
			};
			name = Debug;
		};
		CE6C66542B58DB0100C70F3A /* Release */ = {
			isa = XCBuildConfiguration;
			buildSettings = {
				ALWAYS_SEARCH_USER_PATHS = NO;
				CLANG_ANALYZER_NONNULL = YES;
				CLANG_ANALYZER_NUMBER_OBJECT_CONVERSION = YES_AGGRESSIVE;
				CLANG_CXX_LANGUAGE_STANDARD = "gnu++20";
				CLANG_ENABLE_MODULES = YES;
				CLANG_ENABLE_OBJC_ARC = YES;
				CLANG_ENABLE_OBJC_WEAK = YES;
				CLANG_WARN_BLOCK_CAPTURE_AUTORELEASING = YES;
				CLANG_WARN_BOOL_CONVERSION = YES;
				CLANG_WARN_COMMA = YES;
				CLANG_WARN_CONSTANT_CONVERSION = YES;
				CLANG_WARN_DEPRECATED_OBJC_IMPLEMENTATIONS = YES;
				CLANG_WARN_DIRECT_OBJC_ISA_USAGE = YES_ERROR;
				CLANG_WARN_DOCUMENTATION_COMMENTS = YES;
				CLANG_WARN_EMPTY_BODY = YES;
				CLANG_WARN_ENUM_CONVERSION = YES;
				CLANG_WARN_INFINITE_RECURSION = YES;
				CLANG_WARN_INT_CONVERSION = YES;
				CLANG_WARN_NON_LITERAL_NULL_CONVERSION = YES;
				CLANG_WARN_OBJC_IMPLICIT_RETAIN_SELF = YES;
				CLANG_WARN_OBJC_LITERAL_CONVERSION = YES;
				CLANG_WARN_OBJC_ROOT_CLASS = YES_ERROR;
				CLANG_WARN_QUOTED_INCLUDE_IN_FRAMEWORK_HEADER = YES;
				CLANG_WARN_RANGE_LOOP_ANALYSIS = YES;
				CLANG_WARN_STRICT_PROTOTYPES = YES;
				CLANG_WARN_SUSPICIOUS_MOVE = YES;
				CLANG_WARN_UNGUARDED_AVAILABILITY = YES_AGGRESSIVE;
				CLANG_WARN_UNREACHABLE_CODE = YES;
				CLANG_WARN__DUPLICATE_METHOD_MATCH = YES;
				COPY_PHASE_STRIP = NO;
				DEBUG_INFORMATION_FORMAT = "dwarf-with-dsym";
				ENABLE_NS_ASSERTIONS = NO;
				ENABLE_STRICT_OBJC_MSGSEND = YES;
				GCC_C_LANGUAGE_STANDARD = gnu11;
				GCC_NO_COMMON_BLOCKS = YES;
				GCC_WARN_64_TO_32_BIT_CONVERSION = YES;
				GCC_WARN_ABOUT_RETURN_TYPE = YES_ERROR;
				GCC_WARN_UNDECLARED_SELECTOR = YES;
				GCC_WARN_UNINITIALIZED_AUTOS = YES_AGGRESSIVE;
				GCC_WARN_UNUSED_FUNCTION = YES;
				GCC_WARN_UNUSED_VARIABLE = YES;
				IPHONEOS_DEPLOYMENT_TARGET = 16.1;
				MTL_ENABLE_DEBUG_INFO = NO;
				MTL_FAST_MATH = YES;
				SDKROOT = iphoneos;
				SWIFT_COMPILATION_MODE = wholemodule;
				SWIFT_OPTIMIZATION_LEVEL = "-O";
				VALIDATE_PRODUCT = YES;
			};
			name = Release;
		};
		CE6C66562B58DB0100C70F3A /* Debug */ = {
			isa = XCBuildConfiguration;
			buildSettings = {
				ASSETCATALOG_COMPILER_APPICON_NAME = AppIcon;
				ASSETCATALOG_COMPILER_GLOBAL_ACCENT_COLOR_NAME = AccentColor;
				CODE_SIGN_STYLE = Automatic;
				CURRENT_PROJECT_VERSION = 1;
				GENERATE_INFOPLIST_FILE = YES;
				INFOPLIST_FILE = RealmTasklistApp/Info.plist;
				INFOPLIST_KEY_UIApplicationSupportsIndirectInputEvents = YES;
				INFOPLIST_KEY_UILaunchStoryboardName = LaunchScreen;
				INFOPLIST_KEY_UIMainStoryboardFile = Main;
				INFOPLIST_KEY_UISupportedInterfaceOrientations_iPad = "UIInterfaceOrientationPortrait UIInterfaceOrientationPortraitUpsideDown UIInterfaceOrientationLandscapeLeft UIInterfaceOrientationLandscapeRight";
				INFOPLIST_KEY_UISupportedInterfaceOrientations_iPhone = "UIInterfaceOrientationPortrait UIInterfaceOrientationLandscapeLeft UIInterfaceOrientationLandscapeRight";
				LD_RUNPATH_SEARCH_PATHS = (
					"$(inherited)",
					"@executable_path/Frameworks",
				);
				MARKETING_VERSION = 1.0;
				PRODUCT_BUNDLE_IDENTIFIER = com.lessons.RealmTasklistApp;
				PRODUCT_NAME = "$(TARGET_NAME)";
				SWIFT_EMIT_LOC_STRINGS = YES;
				SWIFT_VERSION = 5.0;
				TARGETED_DEVICE_FAMILY = "1,2";
			};
			name = Debug;
		};
		CE6C66572B58DB0100C70F3A /* Release */ = {
			isa = XCBuildConfiguration;
			buildSettings = {
				ASSETCATALOG_COMPILER_APPICON_NAME = AppIcon;
				ASSETCATALOG_COMPILER_GLOBAL_ACCENT_COLOR_NAME = AccentColor;
				CODE_SIGN_STYLE = Automatic;
				CURRENT_PROJECT_VERSION = 1;
				GENERATE_INFOPLIST_FILE = YES;
				INFOPLIST_FILE = RealmTasklistApp/Info.plist;
				INFOPLIST_KEY_UIApplicationSupportsIndirectInputEvents = YES;
				INFOPLIST_KEY_UILaunchStoryboardName = LaunchScreen;
				INFOPLIST_KEY_UIMainStoryboardFile = Main;
				INFOPLIST_KEY_UISupportedInterfaceOrientations_iPad = "UIInterfaceOrientationPortrait UIInterfaceOrientationPortraitUpsideDown UIInterfaceOrientationLandscapeLeft UIInterfaceOrientationLandscapeRight";
				INFOPLIST_KEY_UISupportedInterfaceOrientations_iPhone = "UIInterfaceOrientationPortrait UIInterfaceOrientationLandscapeLeft UIInterfaceOrientationLandscapeRight";
				LD_RUNPATH_SEARCH_PATHS = (
					"$(inherited)",
					"@executable_path/Frameworks",
				);
				MARKETING_VERSION = 1.0;
				PRODUCT_BUNDLE_IDENTIFIER = com.lessons.RealmTasklistApp;
				PRODUCT_NAME = "$(TARGET_NAME)";
				SWIFT_EMIT_LOC_STRINGS = YES;
				SWIFT_VERSION = 5.0;
				TARGETED_DEVICE_FAMILY = "1,2";
			};
			name = Release;
		};
/* End XCBuildConfiguration section */

/* Begin XCConfigurationList section */
		CE6C663C2B58DAF900C70F3A /* Build configuration list for PBXProject "RealmTasklistApp" */ = {
			isa = XCConfigurationList;
			buildConfigurations = (
				CE6C66532B58DB0100C70F3A /* Debug */,
				CE6C66542B58DB0100C70F3A /* Release */,
			);
			defaultConfigurationIsVisible = 0;
			defaultConfigurationName = Release;
		};
		CE6C66552B58DB0100C70F3A /* Build configuration list for PBXNativeTarget "RealmTasklistApp" */ = {
			isa = XCConfigurationList;
			buildConfigurations = (
				CE6C66562B58DB0100C70F3A /* Debug */,
				CE6C66572B58DB0100C70F3A /* Release */,
			);
			defaultConfigurationIsVisible = 0;
			defaultConfigurationName = Release;
		};
/* End XCConfigurationList section */

/* Begin XCRemoteSwiftPackageReference section */
		CE6C666B2B58E07500C70F3A /* XCRemoteSwiftPackageReference "realm-swift" */ = {
			isa = XCRemoteSwiftPackageReference;
			repositoryURL = "https://github.com/realm/realm-swift.git";
			requirement = {
				branch = master;
				kind = branch;
			};
		};
/* End XCRemoteSwiftPackageReference section */

/* Begin XCSwiftPackageProductDependency section */
		CE6C666C2B58E07500C70F3A /* Realm */ = {
			isa = XCSwiftPackageProductDependency;
			package = CE6C666B2B58E07500C70F3A /* XCRemoteSwiftPackageReference "realm-swift" */;
			productName = Realm;
		};
		CE6C666E2B58E07500C70F3A /* RealmSwift */ = {
			isa = XCSwiftPackageProductDependency;
			package = CE6C666B2B58E07500C70F3A /* XCRemoteSwiftPackageReference "realm-swift" */;
			productName = RealmSwift;
		};
/* End XCSwiftPackageProductDependency section */
	};
	rootObject = CE6C66392B58DAF900C70F3A /* Project object */;
}
